// !$*UTF8*$!
{
	archiveVersion = 1;
	classes = {
	};
	objectVersion = 56;
	objects = {

/* Begin PBXBuildFile section */
		E904E1512AAE50E5007F7826 /* AppDelegate.swift in Sources */ = {isa = PBXBuildFile; fileRef = E904E1502AAE50E5007F7826 /* AppDelegate.swift */; };
		E904E1532AAE50E5007F7826 /* SceneDelegate.swift in Sources */ = {isa = PBXBuildFile; fileRef = E904E1522AAE50E5007F7826 /* SceneDelegate.swift */; };
		E904E15A2AAE50E6007F7826 /* Assets.xcassets in Resources */ = {isa = PBXBuildFile; fileRef = E904E1592AAE50E6007F7826 /* Assets.xcassets */; };
		E904E15D2AAE50E6007F7826 /* LaunchScreen.storyboard in Resources */ = {isa = PBXBuildFile; fileRef = E904E15B2AAE50E6007F7826 /* LaunchScreen.storyboard */; };
		E904E1722AAE50E7007F7826 /* CatalogUITests.swift in Sources */ = {isa = PBXBuildFile; fileRef = E904E1712AAE50E7007F7826 /* CatalogUITests.swift */; };
		E904E1742AAE50E7007F7826 /* CatalogUITestsLaunchTests.swift in Sources */ = {isa = PBXBuildFile; fileRef = E904E1732AAE50E7007F7826 /* CatalogUITestsLaunchTests.swift */; };
		E904E37F2AAE542A007F7826 /* Product.swift in Sources */ = {isa = PBXBuildFile; fileRef = E904E37E2AAE542A007F7826 /* Product.swift */; };
		E904E3812AAE5594007F7826 /* Size.swift in Sources */ = {isa = PBXBuildFile; fileRef = E904E3802AAE5594007F7826 /* Size.swift */; };
		E904E38D2AAE69B0007F7826 /* CatalogService.swift in Sources */ = {isa = PBXBuildFile; fileRef = E904E38C2AAE69B0007F7826 /* CatalogService.swift */; };
		E98C13D52AB5ED7200441A92 /* CartPresenterTests.swift in Sources */ = {isa = PBXBuildFile; fileRef = E98C13D42AB5ED7200441A92 /* CartPresenterTests.swift */; };
		E98C13D72AB5EFDE00441A92 /* CartViewControllerSpy.swift in Sources */ = {isa = PBXBuildFile; fileRef = E98C13D62AB5EFDE00441A92 /* CartViewControllerSpy.swift */; };
		E98C13D92AB5F30D00441A92 /* CartManagerMock.swift in Sources */ = {isa = PBXBuildFile; fileRef = E98C13D82AB5F30D00441A92 /* CartManagerMock.swift */; };
		E98C13DD2AB6008200441A92 /* CartManagerTests.swift in Sources */ = {isa = PBXBuildFile; fileRef = E98C13DC2AB6008200441A92 /* CartManagerTests.swift */; };
		E9B030AF2AAE7E1B003F97F7 /* ProductsResponse.swift in Sources */ = {isa = PBXBuildFile; fileRef = E9B030AE2AAE7E1B003F97F7 /* ProductsResponse.swift */; };
		E9B030B62AAE8132003F97F7 /* ProductCatalogCell.swift in Sources */ = {isa = PBXBuildFile; fileRef = E9B030B42AAE8132003F97F7 /* ProductCatalogCell.swift */; };
		E9B030B72AAE8132003F97F7 /* CatalogViewController.swift in Sources */ = {isa = PBXBuildFile; fileRef = E9B030B52AAE8132003F97F7 /* CatalogViewController.swift */; };
		E9B030B92AAEA0CD003F97F7 /* CatalogInteractor.swift in Sources */ = {isa = PBXBuildFile; fileRef = E9B030B82AAEA0CD003F97F7 /* CatalogInteractor.swift */; };
		E9B030BB2AAEA0EB003F97F7 /* CatalogPresenter.swift in Sources */ = {isa = PBXBuildFile; fileRef = E9B030BA2AAEA0EB003F97F7 /* CatalogPresenter.swift */; };
		E9B032BA2AAEA316003F97F7 /* CatalogFactory.swift in Sources */ = {isa = PBXBuildFile; fileRef = E9B032B92AAEA316003F97F7 /* CatalogFactory.swift */; };
		E9B032BD2AAF7FCF003F97F7 /* CartViewController.swift in Sources */ = {isa = PBXBuildFile; fileRef = E9B032BC2AAF7FCF003F97F7 /* CartViewController.swift */; };
		E9B032BF2AAF81EC003F97F7 /* CartInteractor.swift in Sources */ = {isa = PBXBuildFile; fileRef = E9B032BE2AAF81EC003F97F7 /* CartInteractor.swift */; };
		E9B032C12AAF81FA003F97F7 /* CartPresenter.swift in Sources */ = {isa = PBXBuildFile; fileRef = E9B032C02AAF81FA003F97F7 /* CartPresenter.swift */; };
		E9B032C32AAF8203003F97F7 /* CartFactory.swift in Sources */ = {isa = PBXBuildFile; fileRef = E9B032C22AAF8203003F97F7 /* CartFactory.swift */; };
		E9B032C52AAFD42A003F97F7 /* CartManager.swift in Sources */ = {isa = PBXBuildFile; fileRef = E9B032C42AAFD42A003F97F7 /* CartManager.swift */; };
		E9B032CD2AB0B8F9003F97F7 /* ProductCartCell.swift in Sources */ = {isa = PBXBuildFile; fileRef = E9B032CC2AB0B8F9003F97F7 /* ProductCartCell.swift */; };
		E9B032D32AB20A8A003F97F7 /* NSAttributedString+StrikethroughStyle.swift in Sources */ = {isa = PBXBuildFile; fileRef = E9B032D22AB20A8A003F97F7 /* NSAttributedString+StrikethroughStyle.swift */; };
		E9B032D52AB23BA5003F97F7 /* UILabel.swift in Sources */ = {isa = PBXBuildFile; fileRef = E9B032D42AB23BA5003F97F7 /* UILabel.swift */; };
		E9B032D72AB24828003F97F7 /* Formatter.swift in Sources */ = {isa = PBXBuildFile; fileRef = E9B032D62AB24828003F97F7 /* Formatter.swift */; };
		E9BBB3662AB3C0B400954EF0 /* ProductCell.swift in Sources */ = {isa = PBXBuildFile; fileRef = E9BBB3652AB3C0B400954EF0 /* ProductCell.swift */; };
		E9BBB5662AB3E2F500954EF0 /* CatalogInteractorTests.swift in Sources */ = {isa = PBXBuildFile; fileRef = E9BBB5652AB3E2F500954EF0 /* CatalogInteractorTests.swift */; };
		E9BBB56B2AB5180F00954EF0 /* ProductResponseMock.swift in Sources */ = {isa = PBXBuildFile; fileRef = E9BBB56A2AB5180F00954EF0 /* ProductResponseMock.swift */; };
		E9BBB56E2AB51CCB00954EF0 /* CartManagerSpy.swift in Sources */ = {isa = PBXBuildFile; fileRef = E9BBB56D2AB51CCB00954EF0 /* CartManagerSpy.swift */; };
		E9BBB5722AB51D7600954EF0 /* CatalogPresenterSpy.swift in Sources */ = {isa = PBXBuildFile; fileRef = E9BBB5712AB51D7600954EF0 /* CatalogPresenterSpy.swift */; };
		E9BBB5742AB51DA800954EF0 /* CatalogServiceMock.swift in Sources */ = {isa = PBXBuildFile; fileRef = E9BBB5732AB51DA800954EF0 /* CatalogServiceMock.swift */; };
		E9BBB5772AB522EB00954EF0 /* CatalogPresenterTests.swift in Sources */ = {isa = PBXBuildFile; fileRef = E9BBB5762AB522EB00954EF0 /* CatalogPresenterTests.swift */; };
		E9BBB5792AB5230200954EF0 /* CatalogViewControllerSpy.swift in Sources */ = {isa = PBXBuildFile; fileRef = E9BBB5782AB5230200954EF0 /* CatalogViewControllerSpy.swift */; };
		E9BBB57B2AB526F700954EF0 /* CatalogInteractorSpy.swift in Sources */ = {isa = PBXBuildFile; fileRef = E9BBB57A2AB526F700954EF0 /* CatalogInteractorSpy.swift */; };
		E9BBB5812AB5E1F900954EF0 /* CartInteractorTests.swift in Sources */ = {isa = PBXBuildFile; fileRef = E9BBB5802AB5E1F900954EF0 /* CartInteractorTests.swift */; };
		E9BBB5842AB5E42500954EF0 /* CartPresenterSpy.swift in Sources */ = {isa = PBXBuildFile; fileRef = E9BBB5832AB5E42500954EF0 /* CartPresenterSpy.swift */; };
/* End PBXBuildFile section */

/* Begin PBXContainerItemProxy section */
		E904E1642AAE50E6007F7826 /* PBXContainerItemProxy */ = {
			isa = PBXContainerItemProxy;
			containerPortal = E904E1452AAE50E5007F7826 /* Project object */;
			proxyType = 1;
			remoteGlobalIDString = E904E14C2AAE50E5007F7826;
			remoteInfo = Catalog;
		};
		E904E16E2AAE50E7007F7826 /* PBXContainerItemProxy */ = {
			isa = PBXContainerItemProxy;
			containerPortal = E904E1452AAE50E5007F7826 /* Project object */;
			proxyType = 1;
			remoteGlobalIDString = E904E14C2AAE50E5007F7826;
			remoteInfo = Catalog;
		};
/* End PBXContainerItemProxy section */

/* Begin PBXFileReference section */
		E904E14D2AAE50E5007F7826 /* Catalog.app */ = {isa = PBXFileReference; explicitFileType = wrapper.application; includeInIndex = 0; path = Catalog.app; sourceTree = BUILT_PRODUCTS_DIR; };
		E904E1502AAE50E5007F7826 /* AppDelegate.swift */ = {isa = PBXFileReference; lastKnownFileType = sourcecode.swift; path = AppDelegate.swift; sourceTree = "<group>"; };
		E904E1522AAE50E5007F7826 /* SceneDelegate.swift */ = {isa = PBXFileReference; lastKnownFileType = sourcecode.swift; path = SceneDelegate.swift; sourceTree = "<group>"; };
		E904E1592AAE50E6007F7826 /* Assets.xcassets */ = {isa = PBXFileReference; lastKnownFileType = folder.assetcatalog; path = Assets.xcassets; sourceTree = "<group>"; };
		E904E15C2AAE50E6007F7826 /* Base */ = {isa = PBXFileReference; lastKnownFileType = file.storyboard; name = Base; path = Base.lproj/LaunchScreen.storyboard; sourceTree = "<group>"; };
		E904E15E2AAE50E6007F7826 /* Info.plist */ = {isa = PBXFileReference; lastKnownFileType = text.plist.xml; path = Info.plist; sourceTree = "<group>"; };
		E904E1632AAE50E6007F7826 /* CatalogTests.xctest */ = {isa = PBXFileReference; explicitFileType = wrapper.cfbundle; includeInIndex = 0; path = CatalogTests.xctest; sourceTree = BUILT_PRODUCTS_DIR; };
		E904E16D2AAE50E7007F7826 /* CatalogUITests.xctest */ = {isa = PBXFileReference; explicitFileType = wrapper.cfbundle; includeInIndex = 0; path = CatalogUITests.xctest; sourceTree = BUILT_PRODUCTS_DIR; };
		E904E1712AAE50E7007F7826 /* CatalogUITests.swift */ = {isa = PBXFileReference; lastKnownFileType = sourcecode.swift; path = CatalogUITests.swift; sourceTree = "<group>"; };
		E904E1732AAE50E7007F7826 /* CatalogUITestsLaunchTests.swift */ = {isa = PBXFileReference; lastKnownFileType = sourcecode.swift; path = CatalogUITestsLaunchTests.swift; sourceTree = "<group>"; };
		E904E37E2AAE542A007F7826 /* Product.swift */ = {isa = PBXFileReference; lastKnownFileType = sourcecode.swift; path = Product.swift; sourceTree = "<group>"; };
		E904E3802AAE5594007F7826 /* Size.swift */ = {isa = PBXFileReference; lastKnownFileType = sourcecode.swift; path = Size.swift; sourceTree = "<group>"; };
		E904E38C2AAE69B0007F7826 /* CatalogService.swift */ = {isa = PBXFileReference; lastKnownFileType = sourcecode.swift; path = CatalogService.swift; sourceTree = "<group>"; };
		E98C13D42AB5ED7200441A92 /* CartPresenterTests.swift */ = {isa = PBXFileReference; lastKnownFileType = sourcecode.swift; path = CartPresenterTests.swift; sourceTree = "<group>"; };
		E98C13D62AB5EFDE00441A92 /* CartViewControllerSpy.swift */ = {isa = PBXFileReference; lastKnownFileType = sourcecode.swift; path = CartViewControllerSpy.swift; sourceTree = "<group>"; };
		E98C13D82AB5F30D00441A92 /* CartManagerMock.swift */ = {isa = PBXFileReference; lastKnownFileType = sourcecode.swift; path = CartManagerMock.swift; sourceTree = "<group>"; };
		E98C13DC2AB6008200441A92 /* CartManagerTests.swift */ = {isa = PBXFileReference; lastKnownFileType = sourcecode.swift; path = CartManagerTests.swift; sourceTree = "<group>"; };
		E9B030AE2AAE7E1B003F97F7 /* ProductsResponse.swift */ = {isa = PBXFileReference; lastKnownFileType = sourcecode.swift; path = ProductsResponse.swift; sourceTree = "<group>"; };
		E9B030B42AAE8132003F97F7 /* ProductCatalogCell.swift */ = {isa = PBXFileReference; fileEncoding = 4; lastKnownFileType = sourcecode.swift; path = ProductCatalogCell.swift; sourceTree = "<group>"; };
		E9B030B52AAE8132003F97F7 /* CatalogViewController.swift */ = {isa = PBXFileReference; fileEncoding = 4; lastKnownFileType = sourcecode.swift; path = CatalogViewController.swift; sourceTree = "<group>"; };
		E9B030B82AAEA0CD003F97F7 /* CatalogInteractor.swift */ = {isa = PBXFileReference; lastKnownFileType = sourcecode.swift; path = CatalogInteractor.swift; sourceTree = "<group>"; };
		E9B030BA2AAEA0EB003F97F7 /* CatalogPresenter.swift */ = {isa = PBXFileReference; lastKnownFileType = sourcecode.swift; path = CatalogPresenter.swift; sourceTree = "<group>"; };
		E9B032B92AAEA316003F97F7 /* CatalogFactory.swift */ = {isa = PBXFileReference; lastKnownFileType = sourcecode.swift; path = CatalogFactory.swift; sourceTree = "<group>"; };
		E9B032BC2AAF7FCF003F97F7 /* CartViewController.swift */ = {isa = PBXFileReference; lastKnownFileType = sourcecode.swift; path = CartViewController.swift; sourceTree = "<group>"; };
		E9B032BE2AAF81EC003F97F7 /* CartInteractor.swift */ = {isa = PBXFileReference; lastKnownFileType = sourcecode.swift; path = CartInteractor.swift; sourceTree = "<group>"; };
		E9B032C02AAF81FA003F97F7 /* CartPresenter.swift */ = {isa = PBXFileReference; lastKnownFileType = sourcecode.swift; path = CartPresenter.swift; sourceTree = "<group>"; };
		E9B032C22AAF8203003F97F7 /* CartFactory.swift */ = {isa = PBXFileReference; lastKnownFileType = sourcecode.swift; path = CartFactory.swift; sourceTree = "<group>"; };
		E9B032C42AAFD42A003F97F7 /* CartManager.swift */ = {isa = PBXFileReference; lastKnownFileType = sourcecode.swift; path = CartManager.swift; sourceTree = "<group>"; };
		E9B032CC2AB0B8F9003F97F7 /* ProductCartCell.swift */ = {isa = PBXFileReference; lastKnownFileType = sourcecode.swift; path = ProductCartCell.swift; sourceTree = "<group>"; };
		E9B032D22AB20A8A003F97F7 /* NSAttributedString+StrikethroughStyle.swift */ = {isa = PBXFileReference; lastKnownFileType = sourcecode.swift; path = "NSAttributedString+StrikethroughStyle.swift"; sourceTree = "<group>"; };
		E9B032D42AB23BA5003F97F7 /* UILabel.swift */ = {isa = PBXFileReference; lastKnownFileType = sourcecode.swift; path = UILabel.swift; sourceTree = "<group>"; };
		E9B032D62AB24828003F97F7 /* Formatter.swift */ = {isa = PBXFileReference; lastKnownFileType = sourcecode.swift; path = Formatter.swift; sourceTree = "<group>"; };
		E9BBB3652AB3C0B400954EF0 /* ProductCell.swift */ = {isa = PBXFileReference; lastKnownFileType = sourcecode.swift; path = ProductCell.swift; sourceTree = "<group>"; };
		E9BBB5652AB3E2F500954EF0 /* CatalogInteractorTests.swift */ = {isa = PBXFileReference; lastKnownFileType = sourcecode.swift; path = CatalogInteractorTests.swift; sourceTree = "<group>"; };
		E9BBB5682AB4F0FE00954EF0 /* Catalog.xctestplan */ = {isa = PBXFileReference; lastKnownFileType = text; path = Catalog.xctestplan; sourceTree = "<group>"; };
		E9BBB56A2AB5180F00954EF0 /* ProductResponseMock.swift */ = {isa = PBXFileReference; lastKnownFileType = sourcecode.swift; path = ProductResponseMock.swift; sourceTree = "<group>"; };
		E9BBB56D2AB51CCB00954EF0 /* CartManagerSpy.swift */ = {isa = PBXFileReference; lastKnownFileType = sourcecode.swift; path = CartManagerSpy.swift; sourceTree = "<group>"; };
		E9BBB5712AB51D7600954EF0 /* CatalogPresenterSpy.swift */ = {isa = PBXFileReference; lastKnownFileType = sourcecode.swift; path = CatalogPresenterSpy.swift; sourceTree = "<group>"; };
		E9BBB5732AB51DA800954EF0 /* CatalogServiceMock.swift */ = {isa = PBXFileReference; lastKnownFileType = sourcecode.swift; path = CatalogServiceMock.swift; sourceTree = "<group>"; };
		E9BBB5762AB522EB00954EF0 /* CatalogPresenterTests.swift */ = {isa = PBXFileReference; lastKnownFileType = sourcecode.swift; path = CatalogPresenterTests.swift; sourceTree = "<group>"; };
		E9BBB5782AB5230200954EF0 /* CatalogViewControllerSpy.swift */ = {isa = PBXFileReference; lastKnownFileType = sourcecode.swift; path = CatalogViewControllerSpy.swift; sourceTree = "<group>"; };
		E9BBB57A2AB526F700954EF0 /* CatalogInteractorSpy.swift */ = {isa = PBXFileReference; lastKnownFileType = sourcecode.swift; path = CatalogInteractorSpy.swift; sourceTree = "<group>"; };
		E9BBB5802AB5E1F900954EF0 /* CartInteractorTests.swift */ = {isa = PBXFileReference; lastKnownFileType = sourcecode.swift; path = CartInteractorTests.swift; sourceTree = "<group>"; };
		E9BBB5832AB5E42500954EF0 /* CartPresenterSpy.swift */ = {isa = PBXFileReference; lastKnownFileType = sourcecode.swift; path = CartPresenterSpy.swift; sourceTree = "<group>"; };
/* End PBXFileReference section */

/* Begin PBXFrameworksBuildPhase section */
		E904E14A2AAE50E5007F7826 /* Frameworks */ = {
			isa = PBXFrameworksBuildPhase;
			buildActionMask = 2147483647;
			files = (
			);
			runOnlyForDeploymentPostprocessing = 0;
		};
		E904E1602AAE50E6007F7826 /* Frameworks */ = {
			isa = PBXFrameworksBuildPhase;
			buildActionMask = 2147483647;
			files = (
			);
			runOnlyForDeploymentPostprocessing = 0;
		};
		E904E16A2AAE50E6007F7826 /* Frameworks */ = {
			isa = PBXFrameworksBuildPhase;
			buildActionMask = 2147483647;
			files = (
			);
			runOnlyForDeploymentPostprocessing = 0;
		};
/* End PBXFrameworksBuildPhase section */

/* Begin PBXGroup section */
		E904E1442AAE50E5007F7826 = {
			isa = PBXGroup;
			children = (
				E9BBB5682AB4F0FE00954EF0 /* Catalog.xctestplan */,
				E904E14F2AAE50E5007F7826 /* Catalog */,
				E904E1662AAE50E6007F7826 /* CatalogTests */,
				E904E1702AAE50E7007F7826 /* CatalogUITests */,
				E904E14E2AAE50E5007F7826 /* Products */,
			);
			sourceTree = "<group>";
		};
		E904E14E2AAE50E5007F7826 /* Products */ = {
			isa = PBXGroup;
			children = (
				E904E14D2AAE50E5007F7826 /* Catalog.app */,
				E904E1632AAE50E6007F7826 /* CatalogTests.xctest */,
				E904E16D2AAE50E7007F7826 /* CatalogUITests.xctest */,
			);
			name = Products;
			sourceTree = "<group>";
		};
		E904E14F2AAE50E5007F7826 /* Catalog */ = {
			isa = PBXGroup;
			children = (
				E9BBB5752AB51EB300954EF0 /* Managers */,
				E9BBB3642AB3C09B00954EF0 /* Views */,
				E9B032D12AB20A6B003F97F7 /* Extensions */,
				E9B030B02AAE80FE003F97F7 /* Scenes */,
				E904E38B2AAE6988007F7826 /* Services */,
				E904E1802AAE5130007F7826 /* Models */,
				E904E1502AAE50E5007F7826 /* AppDelegate.swift */,
				E904E1522AAE50E5007F7826 /* SceneDelegate.swift */,
				E904E1592AAE50E6007F7826 /* Assets.xcassets */,
				E904E15B2AAE50E6007F7826 /* LaunchScreen.storyboard */,
				E904E15E2AAE50E6007F7826 /* Info.plist */,
			);
			path = Catalog;
			sourceTree = "<group>";
		};
		E904E1662AAE50E6007F7826 /* CatalogTests */ = {
			isa = PBXGroup;
			children = (
				E9BBB57F2AB5DE7600954EF0 /* CartSceneTests */,
				E9BBB56C2AB51CB700954EF0 /* Managers */,
				E9BBB5692AB517F900954EF0 /* Mocks */,
				E9BBB5642AB3E2AD00954EF0 /* CatalogSceneTests */,
			);
			path = CatalogTests;
			sourceTree = "<group>";
		};
		E904E1702AAE50E7007F7826 /* CatalogUITests */ = {
			isa = PBXGroup;
			children = (
				E904E1712AAE50E7007F7826 /* CatalogUITests.swift */,
				E904E1732AAE50E7007F7826 /* CatalogUITestsLaunchTests.swift */,
			);
			path = CatalogUITests;
			sourceTree = "<group>";
		};
		E904E1802AAE5130007F7826 /* Models */ = {
			isa = PBXGroup;
			children = (
				E904E37E2AAE542A007F7826 /* Product.swift */,
				E904E3802AAE5594007F7826 /* Size.swift */,
				E9B030AE2AAE7E1B003F97F7 /* ProductsResponse.swift */,
			);
			path = Models;
			sourceTree = "<group>";
		};
		E904E38B2AAE6988007F7826 /* Services */ = {
			isa = PBXGroup;
			children = (
				E904E38C2AAE69B0007F7826 /* CatalogService.swift */,
			);
			path = Services;
			sourceTree = "<group>";
		};
		E98C13DB2AB5FD4D00441A92 /* Mocks */ = {
			isa = PBXGroup;
			children = (
				E98C13D82AB5F30D00441A92 /* CartManagerMock.swift */,
			);
			path = Mocks;
			sourceTree = "<group>";
		};
		E9B030B02AAE80FE003F97F7 /* Scenes */ = {
			isa = PBXGroup;
			children = (
				E9B032BB2AAF7F61003F97F7 /* CartScene */,
				E9B030B22AAE8132003F97F7 /* CatalogScene */,
			);
			path = Scenes;
			sourceTree = "<group>";
		};
		E9B030B22AAE8132003F97F7 /* CatalogScene */ = {
			isa = PBXGroup;
			children = (
				E9B030B32AAE8132003F97F7 /* Views */,
				E9B030B52AAE8132003F97F7 /* CatalogViewController.swift */,
				E9B030B82AAEA0CD003F97F7 /* CatalogInteractor.swift */,
				E9B030BA2AAEA0EB003F97F7 /* CatalogPresenter.swift */,
				E9B032B92AAEA316003F97F7 /* CatalogFactory.swift */,
			);
			path = CatalogScene;
			sourceTree = "<group>";
		};
		E9B030B32AAE8132003F97F7 /* Views */ = {
			isa = PBXGroup;
			children = (
				E9B030B42AAE8132003F97F7 /* ProductCatalogCell.swift */,
			);
			path = Views;
			sourceTree = "<group>";
		};
		E9B032BB2AAF7F61003F97F7 /* CartScene */ = {
			isa = PBXGroup;
			children = (
				E9B032CB2AB0B8D0003F97F7 /* Views */,
				E9B032BC2AAF7FCF003F97F7 /* CartViewController.swift */,
				E9B032BE2AAF81EC003F97F7 /* CartInteractor.swift */,
				E9B032C02AAF81FA003F97F7 /* CartPresenter.swift */,
				E9B032C22AAF8203003F97F7 /* CartFactory.swift */,
			);
			path = CartScene;
			sourceTree = "<group>";
		};
		E9B032CB2AB0B8D0003F97F7 /* Views */ = {
			isa = PBXGroup;
			children = (
				E9B032CC2AB0B8F9003F97F7 /* ProductCartCell.swift */,
			);
			path = Views;
			sourceTree = "<group>";
		};
		E9B032D12AB20A6B003F97F7 /* Extensions */ = {
			isa = PBXGroup;
			children = (
				E9B032D22AB20A8A003F97F7 /* NSAttributedString+StrikethroughStyle.swift */,
				E9B032D42AB23BA5003F97F7 /* UILabel.swift */,
				E9B032D62AB24828003F97F7 /* Formatter.swift */,
			);
			path = Extensions;
			sourceTree = "<group>";
		};
		E9BBB3642AB3C09B00954EF0 /* Views */ = {
			isa = PBXGroup;
			children = (
				E9BBB3652AB3C0B400954EF0 /* ProductCell.swift */,
			);
			path = Views;
			sourceTree = "<group>";
		};
		E9BBB5642AB3E2AD00954EF0 /* CatalogSceneTests */ = {
			isa = PBXGroup;
			children = (
				E9BBB56F2AB51D1900954EF0 /* Spys */,
				E9BBB5652AB3E2F500954EF0 /* CatalogInteractorTests.swift */,
				E9BBB5762AB522EB00954EF0 /* CatalogPresenterTests.swift */,
			);
			path = CatalogSceneTests;
			sourceTree = "<group>";
		};
		E9BBB5692AB517F900954EF0 /* Mocks */ = {
			isa = PBXGroup;
			children = (
				E9BBB56A2AB5180F00954EF0 /* ProductResponseMock.swift */,
				E9BBB5732AB51DA800954EF0 /* CatalogServiceMock.swift */,
			);
			path = Mocks;
			sourceTree = "<group>";
		};
		E9BBB56C2AB51CB700954EF0 /* Managers */ = {
			isa = PBXGroup;
			children = (
				E9BBB5702AB51D3900954EF0 /* CartManager */,
			);
			path = Managers;
			sourceTree = "<group>";
		};
		E9BBB56F2AB51D1900954EF0 /* Spys */ = {
			isa = PBXGroup;
			children = (
				E9BBB5712AB51D7600954EF0 /* CatalogPresenterSpy.swift */,
				E9BBB5782AB5230200954EF0 /* CatalogViewControllerSpy.swift */,
				E9BBB57A2AB526F700954EF0 /* CatalogInteractorSpy.swift */,
			);
			path = Spys;
			sourceTree = "<group>";
		};
		E9BBB5702AB51D3900954EF0 /* CartManager */ = {
			isa = PBXGroup;
			children = (
				E98C13DB2AB5FD4D00441A92 /* Mocks */,
				E9BBB57C2AB538F900954EF0 /* Spys */,
				E98C13DC2AB6008200441A92 /* CartManagerTests.swift */,
			);
			path = CartManager;
			sourceTree = "<group>";
		};
		E9BBB5752AB51EB300954EF0 /* Managers */ = {
			isa = PBXGroup;
			children = (
				E9B032C42AAFD42A003F97F7 /* CartManager.swift */,
			);
			path = Managers;
			sourceTree = "<group>";
		};
		E9BBB57C2AB538F900954EF0 /* Spys */ = {
			isa = PBXGroup;
			children = (
				E9BBB56D2AB51CCB00954EF0 /* CartManagerSpy.swift */,
			);
			path = Spys;
			sourceTree = "<group>";
		};
		E9BBB57F2AB5DE7600954EF0 /* CartSceneTests */ = {
			isa = PBXGroup;
			children = (
				E9BBB5822AB5E40B00954EF0 /* Spys */,
				E9BBB5802AB5E1F900954EF0 /* CartInteractorTests.swift */,
				E98C13D42AB5ED7200441A92 /* CartPresenterTests.swift */,
			);
			path = CartSceneTests;
			sourceTree = "<group>";
		};
		E9BBB5822AB5E40B00954EF0 /* Spys */ = {
			isa = PBXGroup;
			children = (
				E9BBB5832AB5E42500954EF0 /* CartPresenterSpy.swift */,
				E98C13D62AB5EFDE00441A92 /* CartViewControllerSpy.swift */,
			);
			path = Spys;
			sourceTree = "<group>";
		};
/* End PBXGroup section */

/* Begin PBXNativeTarget section */
		E904E14C2AAE50E5007F7826 /* Catalog */ = {
			isa = PBXNativeTarget;
			buildConfigurationList = E904E1772AAE50E7007F7826 /* Build configuration list for PBXNativeTarget "Catalog" */;
			buildPhases = (
				E904E1492AAE50E5007F7826 /* Sources */,
				E904E14A2AAE50E5007F7826 /* Frameworks */,
				E904E14B2AAE50E5007F7826 /* Resources */,
			);
			buildRules = (
			);
			dependencies = (
			);
			name = Catalog;
			productName = Catalog;
			productReference = E904E14D2AAE50E5007F7826 /* Catalog.app */;
			productType = "com.apple.product-type.application";
		};
		E904E1622AAE50E6007F7826 /* CatalogTests */ = {
			isa = PBXNativeTarget;
			buildConfigurationList = E904E17A2AAE50E7007F7826 /* Build configuration list for PBXNativeTarget "CatalogTests" */;
			buildPhases = (
				E904E15F2AAE50E6007F7826 /* Sources */,
				E904E1602AAE50E6007F7826 /* Frameworks */,
				E904E1612AAE50E6007F7826 /* Resources */,
			);
			buildRules = (
			);
			dependencies = (
				E904E1652AAE50E6007F7826 /* PBXTargetDependency */,
			);
			name = CatalogTests;
			productName = CatalogTests;
			productReference = E904E1632AAE50E6007F7826 /* CatalogTests.xctest */;
			productType = "com.apple.product-type.bundle.unit-test";
		};
		E904E16C2AAE50E6007F7826 /* CatalogUITests */ = {
			isa = PBXNativeTarget;
			buildConfigurationList = E904E17D2AAE50E7007F7826 /* Build configuration list for PBXNativeTarget "CatalogUITests" */;
			buildPhases = (
				E904E1692AAE50E6007F7826 /* Sources */,
				E904E16A2AAE50E6007F7826 /* Frameworks */,
				E904E16B2AAE50E6007F7826 /* Resources */,
			);
			buildRules = (
			);
			dependencies = (
				E904E16F2AAE50E7007F7826 /* PBXTargetDependency */,
			);
			name = CatalogUITests;
			productName = CatalogUITests;
			productReference = E904E16D2AAE50E7007F7826 /* CatalogUITests.xctest */;
			productType = "com.apple.product-type.bundle.ui-testing";
		};
/* End PBXNativeTarget section */

/* Begin PBXProject section */
		E904E1452AAE50E5007F7826 /* Project object */ = {
			isa = PBXProject;
			attributes = {
				BuildIndependentTargetsInParallel = 1;
				LastSwiftUpdateCheck = 1430;
				LastUpgradeCheck = 1430;
				TargetAttributes = {
					E904E14C2AAE50E5007F7826 = {
						CreatedOnToolsVersion = 14.3.1;
					};
					E904E1622AAE50E6007F7826 = {
						CreatedOnToolsVersion = 14.3.1;
						TestTargetID = E904E14C2AAE50E5007F7826;
					};
					E904E16C2AAE50E6007F7826 = {
						CreatedOnToolsVersion = 14.3.1;
						TestTargetID = E904E14C2AAE50E5007F7826;
					};
				};
			};
			buildConfigurationList = E904E1482AAE50E5007F7826 /* Build configuration list for PBXProject "Catalog" */;
			compatibilityVersion = "Xcode 14.0";
			developmentRegion = en;
			hasScannedForEncodings = 0;
			knownRegions = (
				en,
				Base,
			);
			mainGroup = E904E1442AAE50E5007F7826;
			productRefGroup = E904E14E2AAE50E5007F7826 /* Products */;
			projectDirPath = "";
			projectRoot = "";
			targets = (
				E904E14C2AAE50E5007F7826 /* Catalog */,
				E904E1622AAE50E6007F7826 /* CatalogTests */,
				E904E16C2AAE50E6007F7826 /* CatalogUITests */,
			);
		};
/* End PBXProject section */

/* Begin PBXResourcesBuildPhase section */
		E904E14B2AAE50E5007F7826 /* Resources */ = {
			isa = PBXResourcesBuildPhase;
			buildActionMask = 2147483647;
			files = (
				E904E15D2AAE50E6007F7826 /* LaunchScreen.storyboard in Resources */,
				E904E15A2AAE50E6007F7826 /* Assets.xcassets in Resources */,
			);
			runOnlyForDeploymentPostprocessing = 0;
		};
		E904E1612AAE50E6007F7826 /* Resources */ = {
			isa = PBXResourcesBuildPhase;
			buildActionMask = 2147483647;
			files = (
			);
			runOnlyForDeploymentPostprocessing = 0;
		};
		E904E16B2AAE50E6007F7826 /* Resources */ = {
			isa = PBXResourcesBuildPhase;
			buildActionMask = 2147483647;
			files = (
			);
			runOnlyForDeploymentPostprocessing = 0;
		};
/* End PBXResourcesBuildPhase section */

/* Begin PBXSourcesBuildPhase section */
		E904E1492AAE50E5007F7826 /* Sources */ = {
			isa = PBXSourcesBuildPhase;
			buildActionMask = 2147483647;
			files = (
				E9B032C12AAF81FA003F97F7 /* CartPresenter.swift in Sources */,
				E9BBB3662AB3C0B400954EF0 /* ProductCell.swift in Sources */,
				E9B032C52AAFD42A003F97F7 /* CartManager.swift in Sources */,
				E9B032D72AB24828003F97F7 /* Formatter.swift in Sources */,
				E904E3812AAE5594007F7826 /* Size.swift in Sources */,
				E9B030AF2AAE7E1B003F97F7 /* ProductsResponse.swift in Sources */,
				E904E37F2AAE542A007F7826 /* Product.swift in Sources */,
				E904E38D2AAE69B0007F7826 /* CatalogService.swift in Sources */,
				E9B032BD2AAF7FCF003F97F7 /* CartViewController.swift in Sources */,
				E9B032D52AB23BA5003F97F7 /* UILabel.swift in Sources */,
				E9B032C32AAF8203003F97F7 /* CartFactory.swift in Sources */,
				E9B030B62AAE8132003F97F7 /* ProductCatalogCell.swift in Sources */,
				E9B030B72AAE8132003F97F7 /* CatalogViewController.swift in Sources */,
				E9B032CD2AB0B8F9003F97F7 /* ProductCartCell.swift in Sources */,
				E9B032BA2AAEA316003F97F7 /* CatalogFactory.swift in Sources */,
				E904E1512AAE50E5007F7826 /* AppDelegate.swift in Sources */,
				E9B032D32AB20A8A003F97F7 /* NSAttributedString+StrikethroughStyle.swift in Sources */,
				E904E1532AAE50E5007F7826 /* SceneDelegate.swift in Sources */,
				E9B032BF2AAF81EC003F97F7 /* CartInteractor.swift in Sources */,
				E9B030BB2AAEA0EB003F97F7 /* CatalogPresenter.swift in Sources */,
				E9B030B92AAEA0CD003F97F7 /* CatalogInteractor.swift in Sources */,
			);
			runOnlyForDeploymentPostprocessing = 0;
		};
		E904E15F2AAE50E6007F7826 /* Sources */ = {
			isa = PBXSourcesBuildPhase;
			buildActionMask = 2147483647;
			files = (
				E98C13D92AB5F30D00441A92 /* CartManagerMock.swift in Sources */,
				E98C13DD2AB6008200441A92 /* CartManagerTests.swift in Sources */,
				E9BBB5722AB51D7600954EF0 /* CatalogPresenterSpy.swift in Sources */,
				E9BBB5842AB5E42500954EF0 /* CartPresenterSpy.swift in Sources */,
				E9BBB5812AB5E1F900954EF0 /* CartInteractorTests.swift in Sources */,
				E98C13D72AB5EFDE00441A92 /* CartViewControllerSpy.swift in Sources */,
				E9BBB57B2AB526F700954EF0 /* CatalogInteractorSpy.swift in Sources */,
				E9BBB5662AB3E2F500954EF0 /* CatalogInteractorTests.swift in Sources */,
				E9BBB5772AB522EB00954EF0 /* CatalogPresenterTests.swift in Sources */,
				E9BBB56E2AB51CCB00954EF0 /* CartManagerSpy.swift in Sources */,
				E98C13D52AB5ED7200441A92 /* CartPresenterTests.swift in Sources */,
				E9BBB56B2AB5180F00954EF0 /* ProductResponseMock.swift in Sources */,
				E9BBB5742AB51DA800954EF0 /* CatalogServiceMock.swift in Sources */,
				E9BBB5792AB5230200954EF0 /* CatalogViewControllerSpy.swift in Sources */,
			);
			runOnlyForDeploymentPostprocessing = 0;
		};
		E904E1692AAE50E6007F7826 /* Sources */ = {
			isa = PBXSourcesBuildPhase;
			buildActionMask = 2147483647;
			files = (
				E904E1742AAE50E7007F7826 /* CatalogUITestsLaunchTests.swift in Sources */,
				E904E1722AAE50E7007F7826 /* CatalogUITests.swift in Sources */,
			);
			runOnlyForDeploymentPostprocessing = 0;
		};
/* End PBXSourcesBuildPhase section */

/* Begin PBXTargetDependency section */
		E904E1652AAE50E6007F7826 /* PBXTargetDependency */ = {
			isa = PBXTargetDependency;
			target = E904E14C2AAE50E5007F7826 /* Catalog */;
			targetProxy = E904E1642AAE50E6007F7826 /* PBXContainerItemProxy */;
		};
		E904E16F2AAE50E7007F7826 /* PBXTargetDependency */ = {
			isa = PBXTargetDependency;
			target = E904E14C2AAE50E5007F7826 /* Catalog */;
			targetProxy = E904E16E2AAE50E7007F7826 /* PBXContainerItemProxy */;
		};
/* End PBXTargetDependency section */

/* Begin PBXVariantGroup section */
		E904E15B2AAE50E6007F7826 /* LaunchScreen.storyboard */ = {
			isa = PBXVariantGroup;
			children = (
				E904E15C2AAE50E6007F7826 /* Base */,
			);
			name = LaunchScreen.storyboard;
			sourceTree = "<group>";
		};
/* End PBXVariantGroup section */

/* Begin XCBuildConfiguration section */
		E904E1752AAE50E7007F7826 /* Debug */ = {
			isa = XCBuildConfiguration;
			buildSettings = {
				ALWAYS_SEARCH_USER_PATHS = NO;
				CLANG_ANALYZER_NONNULL = YES;
				CLANG_ANALYZER_NUMBER_OBJECT_CONVERSION = YES_AGGRESSIVE;
				CLANG_CXX_LANGUAGE_STANDARD = "gnu++20";
				CLANG_ENABLE_MODULES = YES;
				CLANG_ENABLE_OBJC_ARC = YES;
				CLANG_ENABLE_OBJC_WEAK = YES;
				CLANG_WARN_BLOCK_CAPTURE_AUTORELEASING = YES;
				CLANG_WARN_BOOL_CONVERSION = YES;
				CLANG_WARN_COMMA = YES;
				CLANG_WARN_CONSTANT_CONVERSION = YES;
				CLANG_WARN_DEPRECATED_OBJC_IMPLEMENTATIONS = YES;
				CLANG_WARN_DIRECT_OBJC_ISA_USAGE = YES_ERROR;
				CLANG_WARN_DOCUMENTATION_COMMENTS = YES;
				CLANG_WARN_EMPTY_BODY = YES;
				CLANG_WARN_ENUM_CONVERSION = YES;
				CLANG_WARN_INFINITE_RECURSION = YES;
				CLANG_WARN_INT_CONVERSION = YES;
				CLANG_WARN_NON_LITERAL_NULL_CONVERSION = YES;
				CLANG_WARN_OBJC_IMPLICIT_RETAIN_SELF = YES;
				CLANG_WARN_OBJC_LITERAL_CONVERSION = YES;
				CLANG_WARN_OBJC_ROOT_CLASS = YES_ERROR;
				CLANG_WARN_QUOTED_INCLUDE_IN_FRAMEWORK_HEADER = YES;
				CLANG_WARN_RANGE_LOOP_ANALYSIS = YES;
				CLANG_WARN_STRICT_PROTOTYPES = YES;
				CLANG_WARN_SUSPICIOUS_MOVE = YES;
				CLANG_WARN_UNGUARDED_AVAILABILITY = YES_AGGRESSIVE;
				CLANG_WARN_UNREACHABLE_CODE = YES;
				CLANG_WARN__DUPLICATE_METHOD_MATCH = YES;
				COPY_PHASE_STRIP = NO;
				DEBUG_INFORMATION_FORMAT = dwarf;
				ENABLE_STRICT_OBJC_MSGSEND = YES;
				ENABLE_TESTABILITY = YES;
				GCC_C_LANGUAGE_STANDARD = gnu11;
				GCC_DYNAMIC_NO_PIC = NO;
				GCC_NO_COMMON_BLOCKS = YES;
				GCC_OPTIMIZATION_LEVEL = 0;
				GCC_PREPROCESSOR_DEFINITIONS = (
					"DEBUG=1",
					"$(inherited)",
				);
				GCC_WARN_64_TO_32_BIT_CONVERSION = YES;
				GCC_WARN_ABOUT_RETURN_TYPE = YES_ERROR;
				GCC_WARN_UNDECLARED_SELECTOR = YES;
				GCC_WARN_UNINITIALIZED_AUTOS = YES_AGGRESSIVE;
				GCC_WARN_UNUSED_FUNCTION = YES;
				GCC_WARN_UNUSED_VARIABLE = YES;
				IPHONEOS_DEPLOYMENT_TARGET = 16.4;
				MTL_ENABLE_DEBUG_INFO = INCLUDE_SOURCE;
				MTL_FAST_MATH = YES;
				ONLY_ACTIVE_ARCH = YES;
				SDKROOT = iphoneos;
				SWIFT_ACTIVE_COMPILATION_CONDITIONS = DEBUG;
				SWIFT_OPTIMIZATION_LEVEL = "-Onone";
			};
			name = Debug;
		};
		E904E1762AAE50E7007F7826 /* Release */ = {
			isa = XCBuildConfiguration;
			buildSettings = {
				ALWAYS_SEARCH_USER_PATHS = NO;
				CLANG_ANALYZER_NONNULL = YES;
				CLANG_ANALYZER_NUMBER_OBJECT_CONVERSION = YES_AGGRESSIVE;
				CLANG_CXX_LANGUAGE_STANDARD = "gnu++20";
				CLANG_ENABLE_MODULES = YES;
				CLANG_ENABLE_OBJC_ARC = YES;
				CLANG_ENABLE_OBJC_WEAK = YES;
				CLANG_WARN_BLOCK_CAPTURE_AUTORELEASING = YES;
				CLANG_WARN_BOOL_CONVERSION = YES;
				CLANG_WARN_COMMA = YES;
				CLANG_WARN_CONSTANT_CONVERSION = YES;
				CLANG_WARN_DEPRECATED_OBJC_IMPLEMENTATIONS = YES;
				CLANG_WARN_DIRECT_OBJC_ISA_USAGE = YES_ERROR;
				CLANG_WARN_DOCUMENTATION_COMMENTS = YES;
				CLANG_WARN_EMPTY_BODY = YES;
				CLANG_WARN_ENUM_CONVERSION = YES;
				CLANG_WARN_INFINITE_RECURSION = YES;
				CLANG_WARN_INT_CONVERSION = YES;
				CLANG_WARN_NON_LITERAL_NULL_CONVERSION = YES;
				CLANG_WARN_OBJC_IMPLICIT_RETAIN_SELF = YES;
				CLANG_WARN_OBJC_LITERAL_CONVERSION = YES;
				CLANG_WARN_OBJC_ROOT_CLASS = YES_ERROR;
				CLANG_WARN_QUOTED_INCLUDE_IN_FRAMEWORK_HEADER = YES;
				CLANG_WARN_RANGE_LOOP_ANALYSIS = YES;
				CLANG_WARN_STRICT_PROTOTYPES = YES;
				CLANG_WARN_SUSPICIOUS_MOVE = YES;
				CLANG_WARN_UNGUARDED_AVAILABILITY = YES_AGGRESSIVE;
				CLANG_WARN_UNREACHABLE_CODE = YES;
				CLANG_WARN__DUPLICATE_METHOD_MATCH = YES;
				COPY_PHASE_STRIP = NO;
				DEBUG_INFORMATION_FORMAT = "dwarf-with-dsym";
				ENABLE_NS_ASSERTIONS = NO;
				ENABLE_STRICT_OBJC_MSGSEND = YES;
				GCC_C_LANGUAGE_STANDARD = gnu11;
				GCC_NO_COMMON_BLOCKS = YES;
				GCC_WARN_64_TO_32_BIT_CONVERSION = YES;
				GCC_WARN_ABOUT_RETURN_TYPE = YES_ERROR;
				GCC_WARN_UNDECLARED_SELECTOR = YES;
				GCC_WARN_UNINITIALIZED_AUTOS = YES_AGGRESSIVE;
				GCC_WARN_UNUSED_FUNCTION = YES;
				GCC_WARN_UNUSED_VARIABLE = YES;
				IPHONEOS_DEPLOYMENT_TARGET = 16.4;
				MTL_ENABLE_DEBUG_INFO = NO;
				MTL_FAST_MATH = YES;
				SDKROOT = iphoneos;
				SWIFT_COMPILATION_MODE = wholemodule;
				SWIFT_OPTIMIZATION_LEVEL = "-O";
				VALIDATE_PRODUCT = YES;
			};
			name = Release;
		};
		E904E1782AAE50E7007F7826 /* Debug */ = {
			isa = XCBuildConfiguration;
			buildSettings = {
				ASSETCATALOG_COMPILER_APPICON_NAME = AppIcon;
				ASSETCATALOG_COMPILER_GLOBAL_ACCENT_COLOR_NAME = AccentColor;
				CODE_SIGN_STYLE = Automatic;
				CURRENT_PROJECT_VERSION = 1;
				GENERATE_INFOPLIST_FILE = YES;
				INFOPLIST_FILE = Catalog/Info.plist;
				INFOPLIST_KEY_UIApplicationSupportsIndirectInputEvents = YES;
				INFOPLIST_KEY_UILaunchStoryboardName = LaunchScreen;
				INFOPLIST_KEY_UISupportedInterfaceOrientations_iPad = "UIInterfaceOrientationPortrait UIInterfaceOrientationPortraitUpsideDown UIInterfaceOrientationLandscapeLeft UIInterfaceOrientationLandscapeRight";
				INFOPLIST_KEY_UISupportedInterfaceOrientations_iPhone = "UIInterfaceOrientationPortrait UIInterfaceOrientationLandscapeLeft UIInterfaceOrientationLandscapeRight";
				LD_RUNPATH_SEARCH_PATHS = (
					"$(inherited)",
					"@executable_path/Frameworks",
				);
				MARKETING_VERSION = 1.0;
				PRODUCT_BUNDLE_IDENTIFIER = com.italosjobom.Catalog;
				PRODUCT_NAME = "$(TARGET_NAME)";
				SWIFT_EMIT_LOC_STRINGS = YES;
				SWIFT_VERSION = 5.0;
				TARGETED_DEVICE_FAMILY = "1,2";
			};
			name = Debug;
		};
		E904E1792AAE50E7007F7826 /* Release */ = {
			isa = XCBuildConfiguration;
			buildSettings = {
				ASSETCATALOG_COMPILER_APPICON_NAME = AppIcon;
				ASSETCATALOG_COMPILER_GLOBAL_ACCENT_COLOR_NAME = AccentColor;
				CODE_SIGN_STYLE = Automatic;
				CURRENT_PROJECT_VERSION = 1;
				GENERATE_INFOPLIST_FILE = YES;
				INFOPLIST_FILE = Catalog/Info.plist;
				INFOPLIST_KEY_UIApplicationSupportsIndirectInputEvents = YES;
				INFOPLIST_KEY_UILaunchStoryboardName = LaunchScreen;
				INFOPLIST_KEY_UISupportedInterfaceOrientations_iPad = "UIInterfaceOrientationPortrait UIInterfaceOrientationPortraitUpsideDown UIInterfaceOrientationLandscapeLeft UIInterfaceOrientationLandscapeRight";
				INFOPLIST_KEY_UISupportedInterfaceOrientations_iPhone = "UIInterfaceOrientationPortrait UIInterfaceOrientationLandscapeLeft UIInterfaceOrientationLandscapeRight";
				LD_RUNPATH_SEARCH_PATHS = (
					"$(inherited)",
					"@executable_path/Frameworks",
				);
				MARKETING_VERSION = 1.0;
				PRODUCT_BUNDLE_IDENTIFIER = com.italosjobom.Catalog;
				PRODUCT_NAME = "$(TARGET_NAME)";
				SWIFT_EMIT_LOC_STRINGS = YES;
				SWIFT_VERSION = 5.0;
				TARGETED_DEVICE_FAMILY = "1,2";
			};
			name = Release;
		};
		E904E17B2AAE50E7007F7826 /* Debug */ = {
			isa = XCBuildConfiguration;
			buildSettings = {
				ALWAYS_EMBED_SWIFT_STANDARD_LIBRARIES = YES;
				BUNDLE_LOADER = "$(TEST_HOST)";
				CODE_SIGN_STYLE = Automatic;
				CURRENT_PROJECT_VERSION = 1;
				GENERATE_INFOPLIST_FILE = YES;
				IPHONEOS_DEPLOYMENT_TARGET = 16.4;
				MARKETING_VERSION = 1.0;
				PRODUCT_BUNDLE_IDENTIFIER = com.italosjobom.CatalogTests;
				PRODUCT_NAME = "$(TARGET_NAME)";
				SWIFT_EMIT_LOC_STRINGS = NO;
				SWIFT_VERSION = 5.0;
				TARGETED_DEVICE_FAMILY = "1,2";
				TEST_HOST = "$(BUILT_PRODUCTS_DIR)/Catalog.app/$(BUNDLE_EXECUTABLE_FOLDER_PATH)/Catalog";
			};
			name = Debug;
		};
		E904E17C2AAE50E7007F7826 /* Release */ = {
			isa = XCBuildConfiguration;
			buildSettings = {
				ALWAYS_EMBED_SWIFT_STANDARD_LIBRARIES = YES;
				BUNDLE_LOADER = "$(TEST_HOST)";
				CODE_SIGN_STYLE = Automatic;
				CURRENT_PROJECT_VERSION = 1;
				GENERATE_INFOPLIST_FILE = YES;
				IPHONEOS_DEPLOYMENT_TARGET = 16.4;
				MARKETING_VERSION = 1.0;
				PRODUCT_BUNDLE_IDENTIFIER = com.italosjobom.CatalogTests;
				PRODUCT_NAME = "$(TARGET_NAME)";
				SWIFT_EMIT_LOC_STRINGS = NO;
				SWIFT_VERSION = 5.0;
				TARGETED_DEVICE_FAMILY = "1,2";
				TEST_HOST = "$(BUILT_PRODUCTS_DIR)/Catalog.app/$(BUNDLE_EXECUTABLE_FOLDER_PATH)/Catalog";
			};
			name = Release;
		};
		E904E17E2AAE50E7007F7826 /* Debug */ = {
			isa = XCBuildConfiguration;
			buildSettings = {
				ALWAYS_EMBED_SWIFT_STANDARD_LIBRARIES = YES;
				CODE_SIGN_STYLE = Automatic;
				CURRENT_PROJECT_VERSION = 1;
				GENERATE_INFOPLIST_FILE = YES;
				MARKETING_VERSION = 1.0;
				PRODUCT_BUNDLE_IDENTIFIER = com.italosjobom.CatalogUITests;
				PRODUCT_NAME = "$(TARGET_NAME)";
				SWIFT_EMIT_LOC_STRINGS = NO;
				SWIFT_VERSION = 5.0;
				TARGETED_DEVICE_FAMILY = "1,2";
				TEST_TARGET_NAME = Catalog;
			};
			name = Debug;
		};
		E904E17F2AAE50E7007F7826 /* Release */ = {
			isa = XCBuildConfiguration;
			buildSettings = {
				ALWAYS_EMBED_SWIFT_STANDARD_LIBRARIES = YES;
				CODE_SIGN_STYLE = Automatic;
				CURRENT_PROJECT_VERSION = 1;
				GENERATE_INFOPLIST_FILE = YES;
				MARKETING_VERSION = 1.0;
				PRODUCT_BUNDLE_IDENTIFIER = com.italosjobom.CatalogUITests;
				PRODUCT_NAME = "$(TARGET_NAME)";
				SWIFT_EMIT_LOC_STRINGS = NO;
				SWIFT_VERSION = 5.0;
				TARGETED_DEVICE_FAMILY = "1,2";
				TEST_TARGET_NAME = Catalog;
			};
			name = Release;
		};
/* End XCBuildConfiguration section */

/* Begin XCConfigurationList section */
		E904E1482AAE50E5007F7826 /* Build configuration list for PBXProject "Catalog" */ = {
			isa = XCConfigurationList;
			buildConfigurations = (
				E904E1752AAE50E7007F7826 /* Debug */,
				E904E1762AAE50E7007F7826 /* Release */,
			);
			defaultConfigurationIsVisible = 0;
			defaultConfigurationName = Release;
		};
		E904E1772AAE50E7007F7826 /* Build configuration list for PBXNativeTarget "Catalog" */ = {
			isa = XCConfigurationList;
			buildConfigurations = (
				E904E1782AAE50E7007F7826 /* Debug */,
				E904E1792AAE50E7007F7826 /* Release */,
			);
			defaultConfigurationIsVisible = 0;
			defaultConfigurationName = Release;
		};
		E904E17A2AAE50E7007F7826 /* Build configuration list for PBXNativeTarget "CatalogTests" */ = {
			isa = XCConfigurationList;
			buildConfigurations = (
				E904E17B2AAE50E7007F7826 /* Debug */,
				E904E17C2AAE50E7007F7826 /* Release */,
			);
			defaultConfigurationIsVisible = 0;
			defaultConfigurationName = Release;
		};
		E904E17D2AAE50E7007F7826 /* Build configuration list for PBXNativeTarget "CatalogUITests" */ = {
			isa = XCConfigurationList;
			buildConfigurations = (
				E904E17E2AAE50E7007F7826 /* Debug */,
				E904E17F2AAE50E7007F7826 /* Release */,
			);
			defaultConfigurationIsVisible = 0;
			defaultConfigurationName = Release;
		};
/* End XCConfigurationList section */
	};
	rootObject = E904E1452AAE50E5007F7826 /* Project object */;
}
